
Microsoft Visual Studio Solution File, Format Version 12.00
# Visual Studio 15
VisualStudioVersion = 15.0.28307.1022
MinimumVisualStudioVersion = 10.0.40219.1
Project("{FAE04EC0-301F-11D3-BF4B-00C04F79EFBC}") = "NyhetsBrev", "NyhetsBrev\NyhetsBrev.csproj", "{2313BA06-B96E-4ECB-A8D2-3AAD7B6DAA47}"
EndProject
Global
	GlobalSection(SolutionConfigurationPlatforms) = preSolution
		Debug|Any CPU = Debug|Any CPU
		Release|Any CPU = Release|Any CPU
	EndGlobalSection
	GlobalSection(ProjectConfigurationPlatforms) = postSolution
		{2313BA06-B96E-4ECB-A8D2-3AAD7B6DAA47}.Debug|Any CPU.ActiveCfg = Debug|Any CPU
		{2313BA06-B96E-4ECB-A8D2-3AAD7B6DAA47}.Debug|Any CPU.Build.0 = Debug|Any CPU
		{2313BA06-B96E-4ECB-A8D2-3AAD7B6DAA47}.Release|Any CPU.ActiveCfg = Release|Any CPU
		{2313BA06-B96E-4ECB-A8D2-3AAD7B6DAA47}.Release|Any CPU.Build.0 = Release|Any CPU
	EndGlobalSection
	GlobalSection(SolutionProperties) = preSolution
		HideSolutionNode = FALSE
	EndGlobalSection
	GlobalSection(ExtensibilityGlobals) = postSolution
		SolutionGuid = {54AA5063-AAAF-4213-A829-B07A01990F46}
	EndGlobalSection
EndGlobal
